// !$*UTF8*$!
{
	archiveVersion = 1;
	classes = {
	};
	objectVersion = 50;
	objects = {

/* Begin PBXBuildFile section */
		C2F12BA724A22E91008181E6 /* AppDelegate.swift in Sources */ = {isa = PBXBuildFile; fileRef = C2F12BA624A22E91008181E6 /* AppDelegate.swift */; };
		C2F12BA924A22E91008181E6 /* SceneDelegate.swift in Sources */ = {isa = PBXBuildFile; fileRef = C2F12BA824A22E91008181E6 /* SceneDelegate.swift */; };
		C2F12BAB24A22E91008181E6 /* ContentView.swift in Sources */ = {isa = PBXBuildFile; fileRef = C2F12BAA24A22E91008181E6 /* ContentView.swift */; };
		C2F12BAD24A22E93008181E6 /* Assets.xcassets in Resources */ = {isa = PBXBuildFile; fileRef = C2F12BAC24A22E93008181E6 /* Assets.xcassets */; };
		C2F12BB024A22E93008181E6 /* Preview Assets.xcassets in Resources */ = {isa = PBXBuildFile; fileRef = C2F12BAF24A22E93008181E6 /* Preview Assets.xcassets */; };
		C2F12BB324A22E93008181E6 /* LaunchScreen.storyboard in Resources */ = {isa = PBXBuildFile; fileRef = C2F12BB124A22E93008181E6 /* LaunchScreen.storyboard */; };
		C2F12BBB24A5F362008181E6 /* CircleImage.swift in Sources */ = {isa = PBXBuildFile; fileRef = C2F12BBA24A5F362008181E6 /* CircleImage.swift */; };
		C2F12BBD24A5F4A2008181E6 /* MapView.swift in Sources */ = {isa = PBXBuildFile; fileRef = C2F12BBC24A5F4A2008181E6 /* MapView.swift */; };
/* End PBXBuildFile section */

/* Begin PBXFileReference section */
		C2F12BA324A22E91008181E6 /* SwiftUI_Landmarks.app */ = {isa = PBXFileReference; explicitFileType = wrapper.application; includeInIndex = 0; path = SwiftUI_Landmarks.app; sourceTree = BUILT_PRODUCTS_DIR; };
		C2F12BA624A22E91008181E6 /* AppDelegate.swift */ = {isa = PBXFileReference; lastKnownFileType = sourcecode.swift; path = AppDelegate.swift; sourceTree = "<group>"; };
		C2F12BA824A22E91008181E6 /* SceneDelegate.swift */ = {isa = PBXFileReference; lastKnownFileType = sourcecode.swift; path = SceneDelegate.swift; sourceTree = "<group>"; };
		C2F12BAA24A22E91008181E6 /* ContentView.swift */ = {isa = PBXFileReference; lastKnownFileType = sourcecode.swift; path = ContentView.swift; sourceTree = "<group>"; };
		C2F12BAC24A22E93008181E6 /* Assets.xcassets */ = {isa = PBXFileReference; lastKnownFileType = folder.assetcatalog; path = Assets.xcassets; sourceTree = "<group>"; };
		C2F12BAF24A22E93008181E6 /* Preview Assets.xcassets */ = {isa = PBXFileReference; lastKnownFileType = folder.assetcatalog; path = "Preview Assets.xcassets"; sourceTree = "<group>"; };
		C2F12BB224A22E93008181E6 /* Base */ = {isa = PBXFileReference; lastKnownFileType = file.storyboard; name = Base; path = Base.lproj/LaunchScreen.storyboard; sourceTree = "<group>"; };
		C2F12BB424A22E93008181E6 /* Info.plist */ = {isa = PBXFileReference; lastKnownFileType = text.plist.xml; path = Info.plist; sourceTree = "<group>"; };
		C2F12BBA24A5F362008181E6 /* CircleImage.swift */ = {isa = PBXFileReference; lastKnownFileType = sourcecode.swift; path = CircleImage.swift; sourceTree = "<group>"; };
		C2F12BBC24A5F4A2008181E6 /* MapView.swift */ = {isa = PBXFileReference; lastKnownFileType = sourcecode.swift; path = MapView.swift; sourceTree = "<group>"; };
/* End PBXFileReference section */

/* Begin PBXFrameworksBuildPhase section */
		C2F12BA024A22E91008181E6 /* Frameworks */ = {
			isa = PBXFrameworksBuildPhase;
			buildActionMask = 2147483647;
			files = (
			);
			runOnlyForDeploymentPostprocessing = 0;
		};
/* End PBXFrameworksBuildPhase section */

/* Begin PBXGroup section */
		C2F12B9A24A22E91008181E6 = {
			isa = PBXGroup;
			children = (
				C2F12BA524A22E91008181E6 /* SwiftUI_Landmarks */,
				C2F12BA424A22E91008181E6 /* Products */,
			);
			sourceTree = "<group>";
		};
		C2F12BA424A22E91008181E6 /* Products */ = {
			isa = PBXGroup;
			children = (
				C2F12BA324A22E91008181E6 /* SwiftUI_Landmarks.app */,
			);
			name = Products;
			sourceTree = "<group>";
		};
		C2F12BA524A22E91008181E6 /* SwiftUI_Landmarks */ = {
			isa = PBXGroup;
			children = (
				C2F12BA624A22E91008181E6 /* AppDelegate.swift */,
				C2F12BA824A22E91008181E6 /* SceneDelegate.swift */,
				C2F12BAA24A22E91008181E6 /* ContentView.swift */,
				C2F12BAC24A22E93008181E6 /* Assets.xcassets */,
				C2F12BBA24A5F362008181E6 /* CircleImage.swift */,
				C2F12BBC24A5F4A2008181E6 /* MapView.swift */,
				C2F12BB124A22E93008181E6 /* LaunchScreen.storyboard */,
				C2F12BB424A22E93008181E6 /* Info.plist */,
				C2F12BAE24A22E93008181E6 /* Preview Content */,
			);
			path = SwiftUI_Landmarks;
			sourceTree = "<group>";
		};
		C2F12BAE24A22E93008181E6 /* Preview Content */ = {
			isa = PBXGroup;
			children = (
				C2F12BAF24A22E93008181E6 /* Preview Assets.xcassets */,
			);
			path = "Preview Content";
			sourceTree = "<group>";
		};
/* End PBXGroup section */

/* Begin PBXNativeTarget section */
		C2F12BA224A22E91008181E6 /* SwiftUI_Landmarks */ = {
			isa = PBXNativeTarget;
			buildConfigurationList = C2F12BB724A22E93008181E6 /* Build configuration list for PBXNativeTarget "SwiftUI_Landmarks" */;
			buildPhases = (
				C2F12B9F24A22E91008181E6 /* Sources */,
				C2F12BA024A22E91008181E6 /* Frameworks */,
				C2F12BA124A22E91008181E6 /* Resources */,
			);
			buildRules = (
			);
			dependencies = (
			);
			name = SwiftUI_Landmarks;
			productName = SwiftUI_Landmarks;
			productReference = C2F12BA324A22E91008181E6 /* SwiftUI_Landmarks.app */;
			productType = "com.apple.product-type.application";
		};
/* End PBXNativeTarget section */

/* Begin PBXProject section */
		C2F12B9B24A22E91008181E6 /* Project object */ = {
			isa = PBXProject;
			attributes = {
				LastSwiftUpdateCheck = 1150;
				LastUpgradeCheck = 1150;
				ORGANIZATIONNAME = "Станислав Буйновский";
				TargetAttributes = {
					C2F12BA224A22E91008181E6 = {
						CreatedOnToolsVersion = 11.5;
					};
				};
			};
			buildConfigurationList = C2F12B9E24A22E91008181E6 /* Build configuration list for PBXProject "SwiftUI_Landmarks" */;
			compatibilityVersion = "Xcode 9.3";
			developmentRegion = en;
			hasScannedForEncodings = 0;
			knownRegions = (
				en,
				Base,
			);
			mainGroup = C2F12B9A24A22E91008181E6;
			productRefGroup = C2F12BA424A22E91008181E6 /* Products */;
			projectDirPath = "";
			projectRoot = "";
			targets = (
				C2F12BA224A22E91008181E6 /* SwiftUI_Landmarks */,
			);
		};
/* End PBXProject section */

/* Begin PBXResourcesBuildPhase section */
		C2F12BA124A22E91008181E6 /* Resources */ = {
			isa = PBXResourcesBuildPhase;
			buildActionMask = 2147483647;
			files = (
				C2F12BB324A22E93008181E6 /* LaunchScreen.storyboard in Resources */,
				C2F12BB024A22E93008181E6 /* Preview Assets.xcassets in Resources */,
				C2F12BAD24A22E93008181E6 /* Assets.xcassets in Resources */,
			);
			runOnlyForDeploymentPostprocessing = 0;
		};
/* End PBXResourcesBuildPhase section */

/* Begin PBXSourcesBuildPhase section */
		C2F12B9F24A22E91008181E6 /* Sources */ = {
			isa = PBXSourcesBuildPhase;
			buildActionMask = 2147483647;
			files = (
				C2F12BA724A22E91008181E6 /* AppDelegate.swift in Sources */,
				C2F12BBB24A5F362008181E6 /* CircleImage.swift in Sources */,
				C2F12BBD24A5F4A2008181E6 /* MapView.swift in Sources */,
				C2F12BA924A22E91008181E6 /* SceneDelegate.swift in Sources */,
				C2F12BAB24A22E91008181E6 /* ContentView.swift in Sources */,
			);
			runOnlyForDeploymentPostprocessing = 0;
		};
/* End PBXSourcesBuildPhase section */

/* Begin PBXVariantGroup section */
		C2F12BB124A22E93008181E6 /* LaunchScreen.storyboard */ = {
			isa = PBXVariantGroup;
			children = (
				C2F12BB224A22E93008181E6 /* Base */,
			);
			name = LaunchScreen.storyboard;
			sourceTree = "<group>";
		};
/* End PBXVariantGroup section */

/* Begin XCBuildConfiguration section */
		C2F12BB524A22E93008181E6 /* Debug */ = {
			isa = XCBuildConfiguration;
			buildSettings = {
				ALWAYS_SEARCH_USER_PATHS = NO;
				CLANG_ANALYZER_NONNULL = YES;
				CLANG_ANALYZER_NUMBER_OBJECT_CONVERSION = YES_AGGRESSIVE;
				CLANG_CXX_LANGUAGE_STANDARD = "gnu++14";
				CLANG_CXX_LIBRARY = "libc++";
				CLANG_ENABLE_MODULES = YES;
				CLANG_ENABLE_OBJC_ARC = YES;
				CLANG_ENABLE_OBJC_WEAK = YES;
				CLANG_WARN_BLOCK_CAPTURE_AUTORELEASING = YES;
				CLANG_WARN_BOOL_CONVERSION = YES;
				CLANG_WARN_COMMA = YES;
				CLANG_WARN_CONSTANT_CONVERSION = YES;
				CLANG_WARN_DEPRECATED_OBJC_IMPLEMENTATIONS = YES;
				CLANG_WARN_DIRECT_OBJC_ISA_USAGE = YES_ERROR;
				CLANG_WARN_DOCUMENTATION_COMMENTS = YES;
				CLANG_WARN_EMPTY_BODY = YES;
				CLANG_WARN_ENUM_CONVERSION = YES;
				CLANG_WARN_INFINITE_RECURSION = YES;
				CLANG_WARN_INT_CONVERSION = YES;
				CLANG_WARN_NON_LITERAL_NULL_CONVERSION = YES;
				CLANG_WARN_OBJC_IMPLICIT_RETAIN_SELF = YES;
				CLANG_WARN_OBJC_LITERAL_CONVERSION = YES;
				CLANG_WARN_OBJC_ROOT_CLASS = YES_ERROR;
				CLANG_WARN_RANGE_LOOP_ANALYSIS = YES;
				CLANG_WARN_STRICT_PROTOTYPES = YES;
				CLANG_WARN_SUSPICIOUS_MOVE = YES;
				CLANG_WARN_UNGUARDED_AVAILABILITY = YES_AGGRESSIVE;
				CLANG_WARN_UNREACHABLE_CODE = YES;
				CLANG_WARN__DUPLICATE_METHOD_MATCH = YES;
				COPY_PHASE_STRIP = NO;
				DEBUG_INFORMATION_FORMAT = dwarf;
				ENABLE_STRICT_OBJC_MSGSEND = YES;
				ENABLE_TESTABILITY = YES;
				GCC_C_LANGUAGE_STANDARD = gnu11;
				GCC_DYNAMIC_NO_PIC = NO;
				GCC_NO_COMMON_BLOCKS = YES;
				GCC_OPTIMIZATION_LEVEL = 0;
				GCC_PREPROCESSOR_DEFINITIONS = (
					"DEBUG=1",
					"$(inherited)",
				);
				GCC_WARN_64_TO_32_BIT_CONVERSION = YES;
				GCC_WARN_ABOUT_RETURN_TYPE = YES_ERROR;
				GCC_WARN_UNDECLARED_SELECTOR = YES;
				GCC_WARN_UNINITIALIZED_AUTOS = YES_AGGRESSIVE;
				GCC_WARN_UNUSED_FUNCTION = YES;
				GCC_WARN_UNUSED_VARIABLE = YES;
				IPHONEOS_DEPLOYMENT_TARGET = 13.5;
				MTL_ENABLE_DEBUG_INFO = INCLUDE_SOURCE;
				MTL_FAST_MATH = YES;
				ONLY_ACTIVE_ARCH = YES;
				SDKROOT = iphoneos;
				SWIFT_ACTIVE_COMPILATION_CONDITIONS = DEBUG;
				SWIFT_OPTIMIZATION_LEVEL = "-Onone";
			};
			name = Debug;
		};
		C2F12BB624A22E93008181E6 /* Release */ = {
			isa = XCBuildConfiguration;
			buildSettings = {
				ALWAYS_SEARCH_USER_PATHS = NO;
				CLANG_ANALYZER_NONNULL = YES;
				CLANG_ANALYZER_NUMBER_OBJECT_CONVERSION = YES_AGGRESSIVE;
				CLANG_CXX_LANGUAGE_STANDARD = "gnu++14";
				CLANG_CXX_LIBRARY = "libc++";
				CLANG_ENABLE_MODULES = YES;
				CLANG_ENABLE_OBJC_ARC = YES;
				CLANG_ENABLE_OBJC_WEAK = YES;
				CLANG_WARN_BLOCK_CAPTURE_AUTORELEASING = YES;
				CLANG_WARN_BOOL_CONVERSION = YES;
				CLANG_WARN_COMMA = YES;
				CLANG_WARN_CONSTANT_CONVERSION = YES;
				CLANG_WARN_DEPRECATED_OBJC_IMPLEMENTATIONS = YES;
				CLANG_WARN_DIRECT_OBJC_ISA_USAGE = YES_ERROR;
				CLANG_WARN_DOCUMENTATION_COMMENTS = YES;
				CLANG_WARN_EMPTY_BODY = YES;
				CLANG_WARN_ENUM_CONVERSION = YES;
				CLANG_WARN_INFINITE_RECURSION = YES;
				CLANG_WARN_INT_CONVERSION = YES;
				CLANG_WARN_NON_LITERAL_NULL_CONVERSION = YES;
				CLANG_WARN_OBJC_IMPLICIT_RETAIN_SELF = YES;
				CLANG_WARN_OBJC_LITERAL_CONVERSION = YES;
				CLANG_WARN_OBJC_ROOT_CLASS = YES_ERROR;
				CLANG_WARN_RANGE_LOOP_ANALYSIS = YES;
				CLANG_WARN_STRICT_PROTOTYPES = YES;
				CLANG_WARN_SUSPICIOUS_MOVE = YES;
				CLANG_WARN_UNGUARDED_AVAILABILITY = YES_AGGRESSIVE;
				CLANG_WARN_UNREACHABLE_CODE = YES;
				CLANG_WARN__DUPLICATE_METHOD_MATCH = YES;
				COPY_PHASE_STRIP = NO;
				DEBUG_INFORMATION_FORMAT = "dwarf-with-dsym";
				ENABLE_NS_ASSERTIONS = NO;
				ENABLE_STRICT_OBJC_MSGSEND = YES;
				GCC_C_LANGUAGE_STANDARD = gnu11;
				GCC_NO_COMMON_BLOCKS = YES;
				GCC_WARN_64_TO_32_BIT_CONVERSION = YES;
				GCC_WARN_ABOUT_RETURN_TYPE = YES_ERROR;
				GCC_WARN_UNDECLARED_SELECTOR = YES;
				GCC_WARN_UNINITIALIZED_AUTOS = YES_AGGRESSIVE;
				GCC_WARN_UNUSED_FUNCTION = YES;
				GCC_WARN_UNUSED_VARIABLE = YES;
				IPHONEOS_DEPLOYMENT_TARGET = 13.5;
				MTL_ENABLE_DEBUG_INFO = NO;
				MTL_FAST_MATH = YES;
				SDKROOT = iphoneos;
				SWIFT_COMPILATION_MODE = wholemodule;
				SWIFT_OPTIMIZATION_LEVEL = "-O";
				VALIDATE_PRODUCT = YES;
			};
			name = Release;
		};
		C2F12BB824A22E93008181E6 /* Debug */ = {
			isa = XCBuildConfiguration;
			buildSettings = {
				ASSETCATALOG_COMPILER_APPICON_NAME = AppIcon;
				CODE_SIGN_STYLE = Automatic;
				DEVELOPMENT_ASSET_PATHS = "\"SwiftUI_Landmarks/Preview Content\"";
				DEVELOPMENT_TEAM = L4VQRX6KUP;
				ENABLE_PREVIEWS = YES;
				INFOPLIST_FILE = SwiftUI_Landmarks/Info.plist;
				LD_RUNPATH_SEARCH_PATHS = (
					"$(inherited)",
					"@executable_path/Frameworks",
				);
				PRODUCT_BUNDLE_IDENTIFIER = "com.sbuinovskiy.SwiftUI-Landmarks";
				PRODUCT_NAME = "$(TARGET_NAME)";
				SWIFT_VERSION = 5.0;
				TARGETED_DEVICE_FAMILY = "1,2";
			};
			name = Debug;
		};
		C2F12BB924A22E93008181E6 /* Release */ = {
			isa = XCBuildConfiguration;
			buildSettings = {
				ASSETCATALOG_COMPILER_APPICON_NAME = AppIcon;
				CODE_SIGN_STYLE = Automatic;
				DEVELOPMENT_ASSET_PATHS = "\"SwiftUI_Landmarks/Preview Content\"";
				DEVELOPMENT_TEAM = L4VQRX6KUP;
				ENABLE_PREVIEWS = YES;
				INFOPLIST_FILE = SwiftUI_Landmarks/Info.plist;
				LD_RUNPATH_SEARCH_PATHS = (
					"$(inherited)",
					"@executable_path/Frameworks",
				);
				PRODUCT_BUNDLE_IDENTIFIER = "com.sbuinovskiy.SwiftUI-Landmarks";
				PRODUCT_NAME = "$(TARGET_NAME)";
				SWIFT_VERSION = 5.0;
				TARGETED_DEVICE_FAMILY = "1,2";
			};
			name = Release;
		};
/* End XCBuildConfiguration section */

/* Begin XCConfigurationList section */
		C2F12B9E24A22E91008181E6 /* Build configuration list for PBXProject "SwiftUI_Landmarks" */ = {
			isa = XCConfigurationList;
			buildConfigurations = (
				C2F12BB524A22E93008181E6 /* Debug */,
				C2F12BB624A22E93008181E6 /* Release */,
			);
			defaultConfigurationIsVisible = 0;
			defaultConfigurationName = Release;
		};
		C2F12BB724A22E93008181E6 /* Build configuration list for PBXNativeTarget "SwiftUI_Landmarks" */ = {
			isa = XCConfigurationList;
			buildConfigurations = (
				C2F12BB824A22E93008181E6 /* Debug */,
				C2F12BB924A22E93008181E6 /* Release */,
			);
			defaultConfigurationIsVisible = 0;
			defaultConfigurationName = Release;
		};
/* End XCConfigurationList section */
	};
	rootObject = C2F12B9B24A22E91008181E6 /* Project object */;
}
